
Microsoft Visual Studio Solution File, Format Version 12.00
# Visual Studio 15
VisualStudioVersion = 15.0.28307.329
MinimumVisualStudioVersion = 10.0.40219.1
Project("{FAE04EC0-301F-11D3-BF4B-00C04F79EFBC}") = "OverTheTop2", "OverTheTop2\OverTheTop2.csproj", "{415E9CBA-7BA5-43F6-AFB0-990B389CEB76}"
EndProject
Global
	GlobalSection(SolutionConfigurationPlatforms) = preSolution
		Debug|Any CPU = Debug|Any CPU
		Release|Any CPU = Release|Any CPU
	EndGlobalSection
	GlobalSection(ProjectConfigurationPlatforms) = postSolution
		{415E9CBA-7BA5-43F6-AFB0-990B389CEB76}.Debug|Any CPU.ActiveCfg = Debug|Any CPU
		{415E9CBA-7BA5-43F6-AFB0-990B389CEB76}.Debug|Any CPU.Build.0 = Debug|Any CPU
		{415E9CBA-7BA5-43F6-AFB0-990B389CEB76}.Release|Any CPU.ActiveCfg = Release|Any CPU
		{415E9CBA-7BA5-43F6-AFB0-990B389CEB76}.Release|Any CPU.Build.0 = Release|Any CPU
	EndGlobalSection
	GlobalSection(SolutionProperties) = preSolution
		HideSolutionNode = FALSE
	EndGlobalSection
	GlobalSection(ExtensibilityGlobals) = postSolution
		SolutionGuid = {F2C654EB-9F2B-4E04-907D-1EE51A72BE44}
	EndGlobalSection
EndGlobal
